
Microsoft Visual Studio Solution File, Format Version 12.00
# Visual Studio Version 17
VisualStudioVersion = 17.11.35222.181
MinimumVisualStudioVersion = 10.0.40219.1
Project("{FAE04EC0-301F-11D3-BF4B-00C04F79EFBC}") = "LoginWebAPI", "LoginWebAPI\LoginWebAPI.csproj", "{4668873A-C75D-49A8-95CE-1D3892B639DE}"
EndProject
Global
	GlobalSection(SolutionConfigurationPlatforms) = preSolution
		Debug|Any CPU = Debug|Any CPU
		Release|Any CPU = Release|Any CPU
	EndGlobalSection
	GlobalSection(ProjectConfigurationPlatforms) = postSolution
		{4668873A-C75D-49A8-95CE-1D3892B639DE}.Debug|Any CPU.ActiveCfg = Debug|Any CPU
		{4668873A-C75D-49A8-95CE-1D3892B639DE}.Debug|Any CPU.Build.0 = Debug|Any CPU
		{4668873A-C75D-49A8-95CE-1D3892B639DE}.Release|Any CPU.ActiveCfg = Release|Any CPU
		{4668873A-C75D-49A8-95CE-1D3892B639DE}.Release|Any CPU.Build.0 = Release|Any CPU
	EndGlobalSection
	GlobalSection(SolutionProperties) = preSolution
		HideSolutionNode = FALSE
	EndGlobalSection
	GlobalSection(ExtensibilityGlobals) = postSolution
		SolutionGuid = {9E93C5E8-9D14-4F9E-9ECE-02E70578FC9C}
	EndGlobalSection
EndGlobal
